
Microsoft Visual Studio Solution File, Format Version 12.00
Project("{FAE04EC0-301F-11D3-BF4B-00C04F79EFBC}") = "Snapshot", "Snapshot\Snapshot.csproj", "{2EC09AFA-1FEE-44BF-8A50-FC711B00ABC3}"
EndProject
Global
	GlobalSection(SolutionConfigurationPlatforms) = preSolution
		Debug|Any CPU = Debug|Any CPU
		Release|Any CPU = Release|Any CPU
	EndGlobalSection
	GlobalSection(ProjectConfigurationPlatforms) = postSolution
		{2EC09AFA-1FEE-44BF-8A50-FC711B00ABC3}.Debug|Any CPU.ActiveCfg = Debug|Any CPU
		{2EC09AFA-1FEE-44BF-8A50-FC711B00ABC3}.Debug|Any CPU.Build.0 = Debug|Any CPU
		{2EC09AFA-1FEE-44BF-8A50-FC711B00ABC3}.Release|Any CPU.ActiveCfg = Release|Any CPU
		{2EC09AFA-1FEE-44BF-8A50-FC711B00ABC3}.Release|Any CPU.Build.0 = Release|Any CPU
	EndGlobalSection
EndGlobal
